{
  "name": "kiss-rpc-fb",
  "version": "1.0.1",
  "lockfileVersion": 3,
  "requires": true,
  "packages": {
    "": {
      "name": "kiss-rpc-fb",
      "version": "1.0.1",
      "license": "MIT",
      "devDependencies": {
        "@types/node": "^22.13.1",
        "flatbuffers": "^25.9.23",
        "tsx": "^4.19.2",
        "typescript": "^5.7.3"
      },
      "peerDependencies": {
        "flatbuffers": ">=25.0.0"
      }
    },
    "node_modules/@esbuild/linux-x64": {
      "version": "0.27.2",
      "cpu": [
        "x64"
      ],
      "dev": true,
      "license": "MIT",
      "optional": true,
      "os": [
        "linux"
      ],
      "engines": {
        "node": ">=18"
      }
    },
    "node_modules/@types/node": {
      "version": "22.19.7",
      "dev": true,
      "license": "MIT",
      "dependencies": {
        "undici-types": "~6.21.0"
      }
    },
    "node_modules/esbuild": {
      "version": "0.27.2",
      "dev": true,
      "hasInstallScript": true,
      "license": "MIT",
      "bin": {
        "esbuild": "bin/esbuild"
      },
      "engines": {
        "node": ">=18"
      },
      "optionalDependencies": {
        "@esbuild/aix-ppc64": "0.27.2",
        "@esbuild/android-arm": "0.27.2",
        "@esbuild/android-arm64": "0.27.2",
        "@esbuild/android-x64": "0.27.2",
        "@esbuild/darwin-arm64": "0.27.2",
        "@esbuild/darwin-x64": "0.27.2",
        "@esbuild/freebsd-arm64": "0.27.2",
        "@esbuild/freebsd-x64": "0.27.2",
        "@esbuild/linux-arm": "0.27.2",
        "@esbuild/linux-arm64": "0.27.2",
        "@esbuild/linux-ia32": "0.27.2",
        "@esbuild/linux-loong64": "0.27.2",
        "@esbuild/linux-mips64el": "0.27.2",
        "@esbuild/linux-ppc64": "0.27.2",
        "@esbuild/linux-riscv64": "0.27.2",
        "@esbuild/linux-s390x": "0.27.2",
        "@esbuild/linux-x64": "0.27.2",
        "@esbuild/netbsd-arm64": "0.27.2",
        "@esbuild/netbsd-x64": "0.27.2",
        "@esbuild/openbsd-arm64": "0.27.2",
        "@esbuild/openbsd-x64": "0.27.2",
        "@esbuild/openharmony-arm64": "0.27.2",
        "@esbuild/sunos-x64": "0.27.2",
        "@esbuild/win32-arm64": "0.27.2",
        "@esbuild/win32-ia32": "0.27.2",
        "@esbuild/win32-x64": "0.27.2"
      }
    },
    "node_modules/flatbuffers": {
      "version": "25.9.23",
      "resolved": "https://registry.npmjs.org/flatbuffers/-/flatbuffers-25.9.23.tgz",
      "integrity": "sha512-MI1qs7Lo4Syw0EOzUl0xjs2lsoeqFku44KpngfIduHBYvzm8h2+7K8YMQh1JtVVVrUvhLpNwqVi4DERegUJhPQ==",
      "dev": true,
      "license": "Apache-2.0"
    },
    "node_modules/get-tsconfig": {
      "version": "4.13.1",
      "dev": true,
      "license": "MIT",
      "dependencies": {
        "resolve-pkg-maps": "^1.0.0"
      },
      "funding": {
        "url": "https://github.com/privatenumber/get-tsconfig?sponsor=1"
      }
    },
    "node_modules/resolve-pkg-maps": {
      "version": "1.0.0",
      "dev": true,
      "license": "MIT",
      "funding": {
        "url": "https://github.com/privatenumber/resolve-pkg-maps?sponsor=1"
      }
    },
    "node_modules/tsx": {
      "version": "4.21.0",
      "dev": true,
      "license": "MIT",
      "dependencies": {
        "esbuild": "~0.27.0",
        "get-tsconfig": "^4.7.5"
      },
      "bin": {
        "tsx": "dist/cli.mjs"
      },
      "engines": {
        "node": ">=18.0.0"
      },
      "optionalDependencies": {
        "fsevents": "~2.3.3"
      }
    },
    "node_modules/typescript": {
      "version": "5.9.3",
      "dev": true,
      "license": "Apache-2.0",
      "bin": {
        "tsc": "bin/tsc",
        "tsserver": "bin/tsserver"
      },
      "engines": {
        "node": ">=14.17"
      }
    },
    "node_modules/undici-types": {
      "version": "6.21.0",
      "dev": true,
      "license": "MIT"
    }
  }
}
